{
  "name": "findall-pkg-mgrs",
  "version": "1.1.0",
  "lockfileVersion": 1,
  "requires": true,
  "dependencies": {
    "findall-pkg-mgr": {
      "version": "1.0.0",
      "resolved": "https://registry.npmjs.org/findall-pkg-mgr/-/findall-pkg-mgr-1.0.0.tgz",
      "integrity": "sha512-z4Wxk0IK01FiWO0pz31DZRMAq3h8HxyQc0/BFMzKaIsEso+wemRa7VcBtKzZyDNtw68FSNduLSd3oY9R2NvOxw=="
    }
  }
}
